<?xml version="1.0" encoding="UTF-8" standalone="yes" ?>
<CodeBlocks_project_file>
	<FileVersion major="1" minor="6" />
	<Project>
		<Option title="WorkStuff" />
		<Option pch_mode="2" />
		<Option compiler="gcc" />
		<Build>
			<Target title="Debug">
				<Option output="bin/Debug/WorkStuff" prefix_auto="1" extension_auto="1" />
				<Option object_output="obj/Debug/" />
				<Option type="1" />
				<Option compiler="gcc" />
				<Compiler>
					<Add option="-g" />
					<Add directory="../csvlibrary" />
					<Add directory="../csvlibrary/bin/Debug" />
					<Add directory="../../../../../Program Files/boost/boost_1_70_0" />
				</Compiler>
				<Linker>
					<Add library="../csvlibrary/bin/Debug/libcsvlibrary.a" />
					<Add library="../csvlibrary/bin/Debug/libcsvlibrary.a" />
					<Add directory="../csvlibrary" />
					<Add directory="../csvlibrary/bin/Debug" />
					<Add directory="../../../../../Program Files/boost/boost_1_70_0" />
				</Linker>
			</Target>
			<Target title="Release">
				<Option output="bin/Release/WorkStuff" prefix_auto="1" extension_auto="1" />
				<Option object_output="obj/Release/" />
				<Option type="1" />
				<Option compiler="gcc" />
				<Compiler>
					<Add option="-O2" />
				</Compiler>
				<Linker>
					<Add option="-s" />
				</Linker>
			</Target>
		</Build>
		<Compiler>
			<Add option="-Wall" />
			<Add option="-fexceptions" />
		</Compiler>
		<Unit filename="csvhandling.cpp" />
		<Unit filename="csvhandling.h" />
		<Unit filename="main.cpp" />
		<Extensions>
			<code_completion />
			<envvars />
			<debugger />
			<lib_finder disable_auto="1" />
		</Extensions>
	</Project>
</CodeBlocks_project_file>
